
Microsoft Visual Studio Solution File, Format Version 12.00
# Visual Studio 15
VisualStudioVersion = 15.0.28307.1082
MinimumVisualStudioVersion = 10.0.40219.1
Project("{FAE04EC0-301F-11D3-BF4B-00C04F79EFBC}") = "WarpHelpers", "WarpHelpers\WarpHelpers.csproj", "{D270D44E-9D98-4460-8602-157E76B35999}"
EndProject
Project("{FAE04EC0-301F-11D3-BF4B-00C04F79EFBC}") = "FaceAveraging", "FaceAveraging\FaceAveraging.csproj", "{A14BDA27-7A41-4772-A21E-60E3C49EB849}"
EndProject
Project("{FAE04EC0-301F-11D3-BF4B-00C04F79EFBC}") = "ZTests", "ZTests\ZTests.csproj", "{C26BC016-402D-490F-9AD9-AA748C52FADB}"
EndProject
Global
	GlobalSection(SolutionConfigurationPlatforms) = preSolution
		Debug|Any CPU = Debug|Any CPU
		Debug|x64 = Debug|x64
		Release|Any CPU = Release|Any CPU
		Release|x64 = Release|x64
	EndGlobalSection
	GlobalSection(ProjectConfigurationPlatforms) = postSolution
		{D270D44E-9D98-4460-8602-157E76B35999}.Debug|Any CPU.ActiveCfg = Debug|Any CPU
		{D270D44E-9D98-4460-8602-157E76B35999}.Debug|Any CPU.Build.0 = Debug|Any CPU
		{D270D44E-9D98-4460-8602-157E76B35999}.Debug|x64.ActiveCfg = Debug|Any CPU
		{D270D44E-9D98-4460-8602-157E76B35999}.Debug|x64.Build.0 = Debug|Any CPU
		{D270D44E-9D98-4460-8602-157E76B35999}.Release|Any CPU.ActiveCfg = Release|Any CPU
		{D270D44E-9D98-4460-8602-157E76B35999}.Release|Any CPU.Build.0 = Release|Any CPU
		{D270D44E-9D98-4460-8602-157E76B35999}.Release|x64.ActiveCfg = Release|Any CPU
		{D270D44E-9D98-4460-8602-157E76B35999}.Release|x64.Build.0 = Release|Any CPU
		{A14BDA27-7A41-4772-A21E-60E3C49EB849}.Debug|Any CPU.ActiveCfg = Debug|Any CPU
		{A14BDA27-7A41-4772-A21E-60E3C49EB849}.Debug|Any CPU.Build.0 = Debug|Any CPU
		{A14BDA27-7A41-4772-A21E-60E3C49EB849}.Debug|x64.ActiveCfg = Debug|Any CPU
		{A14BDA27-7A41-4772-A21E-60E3C49EB849}.Debug|x64.Build.0 = Debug|Any CPU
		{A14BDA27-7A41-4772-A21E-60E3C49EB849}.Release|Any CPU.ActiveCfg = Release|Any CPU
		{A14BDA27-7A41-4772-A21E-60E3C49EB849}.Release|Any CPU.Build.0 = Release|Any CPU
		{A14BDA27-7A41-4772-A21E-60E3C49EB849}.Release|x64.ActiveCfg = Release|Any CPU
		{A14BDA27-7A41-4772-A21E-60E3C49EB849}.Release|x64.Build.0 = Release|Any CPU
		{C26BC016-402D-490F-9AD9-AA748C52FADB}.Debug|Any CPU.ActiveCfg = Debug|Any CPU
		{C26BC016-402D-490F-9AD9-AA748C52FADB}.Debug|Any CPU.Build.0 = Debug|Any CPU
		{C26BC016-402D-490F-9AD9-AA748C52FADB}.Debug|x64.ActiveCfg = Debug|Any CPU
		{C26BC016-402D-490F-9AD9-AA748C52FADB}.Debug|x64.Build.0 = Debug|Any CPU
		{C26BC016-402D-490F-9AD9-AA748C52FADB}.Release|Any CPU.ActiveCfg = Release|Any CPU
		{C26BC016-402D-490F-9AD9-AA748C52FADB}.Release|Any CPU.Build.0 = Release|Any CPU
		{C26BC016-402D-490F-9AD9-AA748C52FADB}.Release|x64.ActiveCfg = Release|Any CPU
		{C26BC016-402D-490F-9AD9-AA748C52FADB}.Release|x64.Build.0 = Release|Any CPU
	EndGlobalSection
	GlobalSection(SolutionProperties) = preSolution
		HideSolutionNode = FALSE
	EndGlobalSection
	GlobalSection(ExtensibilityGlobals) = postSolution
		SolutionGuid = {6F8A145D-E11E-4592-B87D-EAF89F11FF1A}
	EndGlobalSection
EndGlobal
